
Microsoft Visual Studio Solution File, Format Version 12.00
# Visual Studio Version 17
VisualStudioVersion = 17.5.33414.496
MinimumVisualStudioVersion = 10.0.40219.1
Project("{FAE04EC0-301F-11D3-BF4B-00C04F79EFBC}") = "C# Database", "C# Database.csproj", "{844561CC-0A06-4C16-90BB-8ADBB7829456}"
EndProject
Global
	GlobalSection(SolutionConfigurationPlatforms) = preSolution
		Debug|Any CPU = Debug|Any CPU
		Release|Any CPU = Release|Any CPU
	EndGlobalSection
	GlobalSection(ProjectConfigurationPlatforms) = postSolution
		{844561CC-0A06-4C16-90BB-8ADBB7829456}.Debug|Any CPU.ActiveCfg = Debug|Any CPU
		{844561CC-0A06-4C16-90BB-8ADBB7829456}.Debug|Any CPU.Build.0 = Debug|Any CPU
		{844561CC-0A06-4C16-90BB-8ADBB7829456}.Release|Any CPU.ActiveCfg = Release|Any CPU
		{844561CC-0A06-4C16-90BB-8ADBB7829456}.Release|Any CPU.Build.0 = Release|Any CPU
	EndGlobalSection
	GlobalSection(SolutionProperties) = preSolution
		HideSolutionNode = FALSE
	EndGlobalSection
	GlobalSection(ExtensibilityGlobals) = postSolution
		SolutionGuid = {00A680AB-1A79-4520-A671-0FFC74554D71}
	EndGlobalSection
EndGlobal
